
Microsoft Visual Studio Solution File, Format Version 12.00
# Visual Studio 15
VisualStudioVersion = 15.0.28307.136
MinimumVisualStudioVersion = 10.0.40219.1
Project("{FAE04EC0-301F-11D3-BF4B-00C04F79EFBC}") = "master-chef-info-cuisine", "master-chef-info-cuisine\master-chef-info-cuisine.csproj", "{EB89DD56-122F-4C1D-9DF5-34D290842B21}"
EndProject
Global
	GlobalSection(SolutionConfigurationPlatforms) = preSolution
		Debug|Any CPU = Debug|Any CPU
		Release|Any CPU = Release|Any CPU
	EndGlobalSection
	GlobalSection(ProjectConfigurationPlatforms) = postSolution
		{EB89DD56-122F-4C1D-9DF5-34D290842B21}.Debug|Any CPU.ActiveCfg = Debug|Any CPU
		{EB89DD56-122F-4C1D-9DF5-34D290842B21}.Debug|Any CPU.Build.0 = Debug|Any CPU
		{EB89DD56-122F-4C1D-9DF5-34D290842B21}.Release|Any CPU.ActiveCfg = Release|Any CPU
		{EB89DD56-122F-4C1D-9DF5-34D290842B21}.Release|Any CPU.Build.0 = Release|Any CPU
	EndGlobalSection
	GlobalSection(SolutionProperties) = preSolution
		HideSolutionNode = FALSE
	EndGlobalSection
	GlobalSection(ExtensibilityGlobals) = postSolution
		SolutionGuid = {97AD96A5-1DD2-4E8C-9118-E246043244D6}
	EndGlobalSection
EndGlobal
